
Microsoft Visual Studio Solution File, Format Version 12.00
# Visual Studio Version 17
VisualStudioVersion = 17.6.33723.286
MinimumVisualStudioVersion = 10.0.40219.1
Project("{FAE04EC0-301F-11D3-BF4B-00C04F79EFBC}") = "Geisterspiel", "Geisterspiel\Geisterspiel.csproj", "{972364A2-62A1-478F-A6C3-AC8BE632CCBF}"
EndProject
Global
	GlobalSection(SolutionConfigurationPlatforms) = preSolution
		Debug|Any CPU = Debug|Any CPU
		Release|Any CPU = Release|Any CPU
	EndGlobalSection
	GlobalSection(ProjectConfigurationPlatforms) = postSolution
		{972364A2-62A1-478F-A6C3-AC8BE632CCBF}.Debug|Any CPU.ActiveCfg = Debug|Any CPU
		{972364A2-62A1-478F-A6C3-AC8BE632CCBF}.Debug|Any CPU.Build.0 = Debug|Any CPU
		{972364A2-62A1-478F-A6C3-AC8BE632CCBF}.Release|Any CPU.ActiveCfg = Release|Any CPU
		{972364A2-62A1-478F-A6C3-AC8BE632CCBF}.Release|Any CPU.Build.0 = Release|Any CPU
	EndGlobalSection
	GlobalSection(SolutionProperties) = preSolution
		HideSolutionNode = FALSE
	EndGlobalSection
	GlobalSection(ExtensibilityGlobals) = postSolution
		SolutionGuid = {FF79EEFB-6F66-4D67-BD9C-B22AB9B81D9A}
	EndGlobalSection
EndGlobal
